
Microsoft Visual Studio Solution File, Format Version 12.00
# Visual Studio 15
VisualStudioVersion = 15.0.28307.421
MinimumVisualStudioVersion = 10.0.40219.1
Project("{FAE04EC0-301F-11D3-BF4B-00C04F79EFBC}") = "InitialApp1", "InitialApp1\InitialApp1.csproj", "{BB3A7C05-0867-4C71-ACCF-51627178C590}"
EndProject
Project("{FAE04EC0-301F-11D3-BF4B-00C04F79EFBC}") = "ViewsApp2", "ViewsApp2\ViewsApp2.csproj", "{0D0BC248-1E13-4438-BFB6-FF83EEC0508C}"
EndProject
Project("{FAE04EC0-301F-11D3-BF4B-00C04F79EFBC}") = "SahredViewApp3", "SahredViewApp3\SahredViewApp3.csproj", "{809FE262-5305-4FCF-8784-AF8E1F8F336D}"
EndProject
Project("{FAE04EC0-301F-11D3-BF4B-00C04F79EFBC}") = "RazorViewEngineApp4", "RazorViewEngineApp4\RazorViewEngineApp4.csproj", "{B6D6F5C7-726F-4769-8E70-5CDBB8F6C596}"
EndProject
Project("{FAE04EC0-301F-11D3-BF4B-00C04F79EFBC}") = "ResultTypes", "ResultTypes\ResultTypes.csproj", "{393AC884-5BFF-4621-9D46-5D0A482673B6}"
EndProject
Project("{FAE04EC0-301F-11D3-BF4B-00C04F79EFBC}") = "ViewbagViewdataApp5", "ViewbagViewdataApp5\ViewbagViewdataApp5.csproj", "{6D78075A-EDD9-4FF1-BD7E-D4E3BB1D88D8}"
EndProject
Global
	GlobalSection(SolutionConfigurationPlatforms) = preSolution
		Debug|Any CPU = Debug|Any CPU
		Release|Any CPU = Release|Any CPU
	EndGlobalSection
	GlobalSection(ProjectConfigurationPlatforms) = postSolution
		{BB3A7C05-0867-4C71-ACCF-51627178C590}.Debug|Any CPU.ActiveCfg = Debug|Any CPU
		{BB3A7C05-0867-4C71-ACCF-51627178C590}.Debug|Any CPU.Build.0 = Debug|Any CPU
		{BB3A7C05-0867-4C71-ACCF-51627178C590}.Release|Any CPU.ActiveCfg = Release|Any CPU
		{BB3A7C05-0867-4C71-ACCF-51627178C590}.Release|Any CPU.Build.0 = Release|Any CPU
		{0D0BC248-1E13-4438-BFB6-FF83EEC0508C}.Debug|Any CPU.ActiveCfg = Debug|Any CPU
		{0D0BC248-1E13-4438-BFB6-FF83EEC0508C}.Debug|Any CPU.Build.0 = Debug|Any CPU
		{0D0BC248-1E13-4438-BFB6-FF83EEC0508C}.Release|Any CPU.ActiveCfg = Release|Any CPU
		{0D0BC248-1E13-4438-BFB6-FF83EEC0508C}.Release|Any CPU.Build.0 = Release|Any CPU
		{809FE262-5305-4FCF-8784-AF8E1F8F336D}.Debug|Any CPU.ActiveCfg = Debug|Any CPU
		{809FE262-5305-4FCF-8784-AF8E1F8F336D}.Debug|Any CPU.Build.0 = Debug|Any CPU
		{809FE262-5305-4FCF-8784-AF8E1F8F336D}.Release|Any CPU.ActiveCfg = Release|Any CPU
		{809FE262-5305-4FCF-8784-AF8E1F8F336D}.Release|Any CPU.Build.0 = Release|Any CPU
		{B6D6F5C7-726F-4769-8E70-5CDBB8F6C596}.Debug|Any CPU.ActiveCfg = Debug|Any CPU
		{B6D6F5C7-726F-4769-8E70-5CDBB8F6C596}.Debug|Any CPU.Build.0 = Debug|Any CPU
		{B6D6F5C7-726F-4769-8E70-5CDBB8F6C596}.Release|Any CPU.ActiveCfg = Release|Any CPU
		{B6D6F5C7-726F-4769-8E70-5CDBB8F6C596}.Release|Any CPU.Build.0 = Release|Any CPU
		{393AC884-5BFF-4621-9D46-5D0A482673B6}.Debug|Any CPU.ActiveCfg = Debug|Any CPU
		{393AC884-5BFF-4621-9D46-5D0A482673B6}.Debug|Any CPU.Build.0 = Debug|Any CPU
		{393AC884-5BFF-4621-9D46-5D0A482673B6}.Release|Any CPU.ActiveCfg = Release|Any CPU
		{393AC884-5BFF-4621-9D46-5D0A482673B6}.Release|Any CPU.Build.0 = Release|Any CPU
		{6D78075A-EDD9-4FF1-BD7E-D4E3BB1D88D8}.Debug|Any CPU.ActiveCfg = Debug|Any CPU
		{6D78075A-EDD9-4FF1-BD7E-D4E3BB1D88D8}.Debug|Any CPU.Build.0 = Debug|Any CPU
		{6D78075A-EDD9-4FF1-BD7E-D4E3BB1D88D8}.Release|Any CPU.ActiveCfg = Release|Any CPU
		{6D78075A-EDD9-4FF1-BD7E-D4E3BB1D88D8}.Release|Any CPU.Build.0 = Release|Any CPU
	EndGlobalSection
	GlobalSection(SolutionProperties) = preSolution
		HideSolutionNode = FALSE
	EndGlobalSection
	GlobalSection(ExtensibilityGlobals) = postSolution
		SolutionGuid = {E116496C-73F9-4A25-93D4-C1F893CA99DA}
	EndGlobalSection
EndGlobal
