
Microsoft Visual Studio Solution File, Format Version 12.00
# Visual Studio 15
VisualStudioVersion = 15.0.28307.421
MinimumVisualStudioVersion = 10.0.40219.1
Project("{FAE04EC0-301F-11D3-BF4B-00C04F79EFBC}") = "InitialApp1", "InitialApp1\InitialApp1.csproj", "{BB3A7C05-0867-4C71-ACCF-51627178C590}"
EndProject
Project("{FAE04EC0-301F-11D3-BF4B-00C04F79EFBC}") = "ViewsApp2", "ViewsApp2\ViewsApp2.csproj", "{0D0BC248-1E13-4438-BFB6-FF83EEC0508C}"
EndProject
Project("{FAE04EC0-301F-11D3-BF4B-00C04F79EFBC}") = "SahredViewApp3", "SahredViewApp3\SahredViewApp3.csproj", "{809FE262-5305-4FCF-8784-AF8E1F8F336D}"
EndProject
Project("{FAE04EC0-301F-11D3-BF4B-00C04F79EFBC}") = "RazorViewEngineApp4", "RazorViewEngineApp4\RazorViewEngineApp4.csproj", "{B6D6F5C7-726F-4769-8E70-5CDBB8F6C596}"
EndProject
Project("{FAE04EC0-301F-11D3-BF4B-00C04F79EFBC}") = "ResultTypes", "ResultTypes\ResultTypes.csproj", "{393AC884-5BFF-4621-9D46-5D0A482673B6}"
EndProject
Project("{FAE04EC0-301F-11D3-BF4B-00C04F79EFBC}") = "ViewbagViewdataApp5", "ViewbagViewdataApp5\ViewbagViewdataApp5.csproj", "{6D78075A-EDD9-4FF1-BD7E-D4E3BB1D88D8}"
EndProject
Project("{FAE04EC0-301F-11D3-BF4B-00C04F79EFBC}") = "TempdataApp6", "TempdataApp6\TempdataApp6.csproj", "{9AC8008E-2CF3-41B2-A33A-72A067C018D9}"
EndProject
Project("{FAE04EC0-301F-11D3-BF4B-00C04F79EFBC}") = "HtmlControllsApp7", "HtmlControllsApp7\HtmlControllsApp7.csproj", "{D56DDF60-F50E-4BF5-9726-ABBF28E32C0F}"
EndProject
Project("{FAE04EC0-301F-11D3-BF4B-00C04F79EFBC}") = "CookieApp8", "CookieApp8\CookieApp8.csproj", "{A5156EBA-5B8E-44E4-BB02-09D8392903F7}"
EndProject
Project("{FAE04EC0-301F-11D3-BF4B-00C04F79EFBC}") = "ApplicationApp9", "ApplicationApp9\ApplicationApp9.csproj", "{01B21892-1269-4B70-A3D9-7F91DA78BAD6}"
EndProject
Project("{FAE04EC0-301F-11D3-BF4B-00C04F79EFBC}") = "PartialViewApp10", "PartialViewApp10\PartialViewApp10.csproj", "{64E0CF21-944E-4EFD-8D05-8BCCA1E25517}"
EndProject
Project("{FAE04EC0-301F-11D3-BF4B-00C04F79EFBC}") = "BootstrapApp11", "BootstrapApp11\BootstrapApp11.csproj", "{37B49BF2-ABFD-49DB-BD7E-4E6174F444F2}"
EndProject
Project("{FAE04EC0-301F-11D3-BF4B-00C04F79EFBC}") = "ZQCodeFirst", "ZQCodeFirst\ZQCodeFirst.csproj", "{B95F099D-4CF0-4C5C-B7E8-6F0E75A6239E}"
EndProject
Project("{FAE04EC0-301F-11D3-BF4B-00C04F79EFBC}") = "ZQDbFirst", "ZQDbFirst\ZQDbFirst.csproj", "{F316EEF5-71B1-4E01-A5CC-0F7BC11DB005}"
EndProject
Project("{FAE04EC0-301F-11D3-BF4B-00C04F79EFBC}") = "LayoutPageApp", "LayoutPageApp\LayoutPageApp.csproj", "{4AB70B7D-6740-4D55-A968-67EFD854DF12}"
EndProject
Project("{FAE04EC0-301F-11D3-BF4B-00C04F79EFBC}") = "ModelApp13", "ModelApp13\ModelApp13.csproj", "{9FA94F8D-8149-4D2E-A22B-B0C98AD88237}"
EndProject
Project("{FAE04EC0-301F-11D3-BF4B-00C04F79EFBC}") = "StronglyTypedSingleMultipleObjects", "StronglyTypedSingleMultipleObjects\StronglyTypedSingleMultipleObjects.csproj", "{8541A120-B035-4555-9C84-613432A2688D}"
EndProject
Project("{FAE04EC0-301F-11D3-BF4B-00C04F79EFBC}") = "ViewModelApp", "ViewModelApp\ViewModelApp.csproj", "{82ACFA92-B5F3-415A-A949-DEDAB848FF6D}"
EndProject
Project("{FAE04EC0-301F-11D3-BF4B-00C04F79EFBC}") = "UntyedHelperControl", "UntyedHelperControl\UntyedHelperControl.csproj", "{06958B15-4905-4246-AD93-46482E9CEBB0}"
EndProject
Project("{FAE04EC0-301F-11D3-BF4B-00C04F79EFBC}") = "ModelbindingUntyped", "ModelbindingUntyped\ModelbindingUntyped.csproj", "{A9A0BE3B-67B7-47FF-9050-2FEFC9C18EEC}"
EndProject
Project("{FAE04EC0-301F-11D3-BF4B-00C04F79EFBC}") = "ModelBindingTyped", "ModelBindingTyped\ModelBindingTyped.csproj", "{7664D514-2F25-446D-882F-2D95373BBEC1}"
EndProject
Project("{FAE04EC0-301F-11D3-BF4B-00C04F79EFBC}") = "ActionOverloading", "ActionOverloading\ActionOverloading.csproj", "{EB5A497E-1DFE-4783-B9AE-2CE78D041818}"
EndProject
Project("{FAE04EC0-301F-11D3-BF4B-00C04F79EFBC}") = "MVCJqueryDemo1", "MVCJqueryDemo1\MVCJqueryDemo1.csproj", "{B524C946-3A73-41A4-A8C6-BD25A5DFD033}"
EndProject
Project("{FAE04EC0-301F-11D3-BF4B-00C04F79EFBC}") = "JqueryUIApp", "JqueryUIApp\JqueryUIApp.csproj", "{E701B8F0-AFE6-40AD-AAB3-330E6A262487}"
EndProject
Project("{FAE04EC0-301F-11D3-BF4B-00C04F79EFBC}") = "JqueryManualValidationApp", "JqueryManualValidationApp\JqueryManualValidationApp.csproj", "{82777E67-3247-4FB7-AB07-2E5C2A1CCA64}"
EndProject
Project("{FAE04EC0-301F-11D3-BF4B-00C04F79EFBC}") = "DataAnnotationValidationApp", "DataAnnotationValidationApp\DataAnnotationValidationApp.csproj", "{0C5564A8-2B73-4323-9E3D-A7C69839A075}"
EndProject
Project("{FAE04EC0-301F-11D3-BF4B-00C04F79EFBC}") = "AdoApp1", "AdoApp1\AdoApp1.csproj", "{202D81BC-C895-4D0B-A726-4209AC037B2D}"
EndProject
Project("{FAE04EC0-301F-11D3-BF4B-00C04F79EFBC}") = "AdoCrudApp", "AdoCrudApp\AdoCrudApp.csproj", "{7C169ED9-7EEE-4555-A44D-1AD2F47D53B6}"
EndProject
Project("{FAE04EC0-301F-11D3-BF4B-00C04F79EFBC}") = "AdoMovieGalleryApp", "AdoMovieGalleryApp\AdoMovieGalleryApp.csproj", "{4E36B0DB-A9D9-4630-BA04-D02F283B2C1B}"
EndProject
Project("{FAE04EC0-301F-11D3-BF4B-00C04F79EFBC}") = "CodeFirstApp", "CodeFirstApp\CodeFirstApp.csproj", "{3A1B0F6C-B21E-468D-AAB2-563905BEB72E}"
EndProject
Project("{FAE04EC0-301F-11D3-BF4B-00C04F79EFBC}") = "DbFirstApp", "DbFirstApp\DbFirstApp.csproj", "{B2C2EC4B-7B36-4E18-9EEA-FDE03C74555D}"
EndProject
Project("{FAE04EC0-301F-11D3-BF4B-00C04F79EFBC}") = "DbFirstNavigationAccordian", "DbFirstNavigationAccordian\DbFirstNavigationAccordian.csproj", "{5D53B306-F902-444A-A827-350408B3F9AB}"
EndProject
Project("{FAE04EC0-301F-11D3-BF4B-00C04F79EFBC}") = "EagerLazyLoadingAndMetadata", "EagerLazyLoadingAndMetadata\EagerLazyLoadingAndMetadata.csproj", "{57F626B2-28AD-4E7B-BD05-D3F6138586DF}"
EndProject
Project("{FAE04EC0-301F-11D3-BF4B-00C04F79EFBC}") = "RoutingNormalAttributeBased", "RoutingNormalAttributeBased\RoutingNormalAttributeBased.csproj", "{215E91DE-1A9C-4A77-8FB8-B75D042CB0B7}"
EndProject
Project("{FAE04EC0-301F-11D3-BF4B-00C04F79EFBC}") = "AjaxReadXmlFileDemo", "AjaxReadXmlFileDemo\AjaxReadXmlFileDemo.csproj", "{2EC0676D-979F-41D7-952F-3ED875F39B34}"
EndProject
Project("{FAE04EC0-301F-11D3-BF4B-00C04F79EFBC}") = "AjaxCascadingDropDown", "AjaxCascadingDropDown\AjaxCascadingDropDown.csproj", "{5950F1E5-AB92-496E-8F78-482CBFE6AFAE}"
EndProject
Project("{FAE04EC0-301F-11D3-BF4B-00C04F79EFBC}") = "AjaxCascadings", "AjaxCascadings\AjaxCascadings.csproj", "{B74FD9E3-B460-42FC-97B0-F14F557EE650}"
EndProject
Project("{FAE04EC0-301F-11D3-BF4B-00C04F79EFBC}") = "CachingDemo1", "CachingDemo1\CachingDemo1.csproj", "{CF18E3BC-CCE3-4572-8F6D-F59A88055D0C}"
EndProject
Global
	GlobalSection(SolutionConfigurationPlatforms) = preSolution
		Debug|Any CPU = Debug|Any CPU
		Release|Any CPU = Release|Any CPU
	EndGlobalSection
	GlobalSection(ProjectConfigurationPlatforms) = postSolution
		{BB3A7C05-0867-4C71-ACCF-51627178C590}.Debug|Any CPU.ActiveCfg = Debug|Any CPU
		{BB3A7C05-0867-4C71-ACCF-51627178C590}.Debug|Any CPU.Build.0 = Debug|Any CPU
		{BB3A7C05-0867-4C71-ACCF-51627178C590}.Release|Any CPU.ActiveCfg = Release|Any CPU
		{BB3A7C05-0867-4C71-ACCF-51627178C590}.Release|Any CPU.Build.0 = Release|Any CPU
		{0D0BC248-1E13-4438-BFB6-FF83EEC0508C}.Debug|Any CPU.ActiveCfg = Debug|Any CPU
		{0D0BC248-1E13-4438-BFB6-FF83EEC0508C}.Debug|Any CPU.Build.0 = Debug|Any CPU
		{0D0BC248-1E13-4438-BFB6-FF83EEC0508C}.Release|Any CPU.ActiveCfg = Release|Any CPU
		{0D0BC248-1E13-4438-BFB6-FF83EEC0508C}.Release|Any CPU.Build.0 = Release|Any CPU
		{809FE262-5305-4FCF-8784-AF8E1F8F336D}.Debug|Any CPU.ActiveCfg = Debug|Any CPU
		{809FE262-5305-4FCF-8784-AF8E1F8F336D}.Debug|Any CPU.Build.0 = Debug|Any CPU
		{809FE262-5305-4FCF-8784-AF8E1F8F336D}.Release|Any CPU.ActiveCfg = Release|Any CPU
		{809FE262-5305-4FCF-8784-AF8E1F8F336D}.Release|Any CPU.Build.0 = Release|Any CPU
		{B6D6F5C7-726F-4769-8E70-5CDBB8F6C596}.Debug|Any CPU.ActiveCfg = Debug|Any CPU
		{B6D6F5C7-726F-4769-8E70-5CDBB8F6C596}.Debug|Any CPU.Build.0 = Debug|Any CPU
		{B6D6F5C7-726F-4769-8E70-5CDBB8F6C596}.Release|Any CPU.ActiveCfg = Release|Any CPU
		{B6D6F5C7-726F-4769-8E70-5CDBB8F6C596}.Release|Any CPU.Build.0 = Release|Any CPU
		{393AC884-5BFF-4621-9D46-5D0A482673B6}.Debug|Any CPU.ActiveCfg = Debug|Any CPU
		{393AC884-5BFF-4621-9D46-5D0A482673B6}.Debug|Any CPU.Build.0 = Debug|Any CPU
		{393AC884-5BFF-4621-9D46-5D0A482673B6}.Release|Any CPU.ActiveCfg = Release|Any CPU
		{393AC884-5BFF-4621-9D46-5D0A482673B6}.Release|Any CPU.Build.0 = Release|Any CPU
		{6D78075A-EDD9-4FF1-BD7E-D4E3BB1D88D8}.Debug|Any CPU.ActiveCfg = Debug|Any CPU
		{6D78075A-EDD9-4FF1-BD7E-D4E3BB1D88D8}.Debug|Any CPU.Build.0 = Debug|Any CPU
		{6D78075A-EDD9-4FF1-BD7E-D4E3BB1D88D8}.Release|Any CPU.ActiveCfg = Release|Any CPU
		{6D78075A-EDD9-4FF1-BD7E-D4E3BB1D88D8}.Release|Any CPU.Build.0 = Release|Any CPU
		{9AC8008E-2CF3-41B2-A33A-72A067C018D9}.Debug|Any CPU.ActiveCfg = Debug|Any CPU
		{9AC8008E-2CF3-41B2-A33A-72A067C018D9}.Debug|Any CPU.Build.0 = Debug|Any CPU
		{9AC8008E-2CF3-41B2-A33A-72A067C018D9}.Release|Any CPU.ActiveCfg = Release|Any CPU
		{9AC8008E-2CF3-41B2-A33A-72A067C018D9}.Release|Any CPU.Build.0 = Release|Any CPU
		{D56DDF60-F50E-4BF5-9726-ABBF28E32C0F}.Debug|Any CPU.ActiveCfg = Debug|Any CPU
		{D56DDF60-F50E-4BF5-9726-ABBF28E32C0F}.Debug|Any CPU.Build.0 = Debug|Any CPU
		{D56DDF60-F50E-4BF5-9726-ABBF28E32C0F}.Release|Any CPU.ActiveCfg = Release|Any CPU
		{D56DDF60-F50E-4BF5-9726-ABBF28E32C0F}.Release|Any CPU.Build.0 = Release|Any CPU
		{A5156EBA-5B8E-44E4-BB02-09D8392903F7}.Debug|Any CPU.ActiveCfg = Debug|Any CPU
		{A5156EBA-5B8E-44E4-BB02-09D8392903F7}.Debug|Any CPU.Build.0 = Debug|Any CPU
		{A5156EBA-5B8E-44E4-BB02-09D8392903F7}.Release|Any CPU.ActiveCfg = Release|Any CPU
		{A5156EBA-5B8E-44E4-BB02-09D8392903F7}.Release|Any CPU.Build.0 = Release|Any CPU
		{01B21892-1269-4B70-A3D9-7F91DA78BAD6}.Debug|Any CPU.ActiveCfg = Debug|Any CPU
		{01B21892-1269-4B70-A3D9-7F91DA78BAD6}.Debug|Any CPU.Build.0 = Debug|Any CPU
		{01B21892-1269-4B70-A3D9-7F91DA78BAD6}.Release|Any CPU.ActiveCfg = Release|Any CPU
		{01B21892-1269-4B70-A3D9-7F91DA78BAD6}.Release|Any CPU.Build.0 = Release|Any CPU
		{64E0CF21-944E-4EFD-8D05-8BCCA1E25517}.Debug|Any CPU.ActiveCfg = Debug|Any CPU
		{64E0CF21-944E-4EFD-8D05-8BCCA1E25517}.Debug|Any CPU.Build.0 = Debug|Any CPU
		{64E0CF21-944E-4EFD-8D05-8BCCA1E25517}.Release|Any CPU.ActiveCfg = Release|Any CPU
		{64E0CF21-944E-4EFD-8D05-8BCCA1E25517}.Release|Any CPU.Build.0 = Release|Any CPU
		{37B49BF2-ABFD-49DB-BD7E-4E6174F444F2}.Debug|Any CPU.ActiveCfg = Debug|Any CPU
		{37B49BF2-ABFD-49DB-BD7E-4E6174F444F2}.Debug|Any CPU.Build.0 = Debug|Any CPU
		{37B49BF2-ABFD-49DB-BD7E-4E6174F444F2}.Release|Any CPU.ActiveCfg = Release|Any CPU
		{37B49BF2-ABFD-49DB-BD7E-4E6174F444F2}.Release|Any CPU.Build.0 = Release|Any CPU
		{B95F099D-4CF0-4C5C-B7E8-6F0E75A6239E}.Debug|Any CPU.ActiveCfg = Debug|Any CPU
		{B95F099D-4CF0-4C5C-B7E8-6F0E75A6239E}.Debug|Any CPU.Build.0 = Debug|Any CPU
		{B95F099D-4CF0-4C5C-B7E8-6F0E75A6239E}.Release|Any CPU.ActiveCfg = Release|Any CPU
		{B95F099D-4CF0-4C5C-B7E8-6F0E75A6239E}.Release|Any CPU.Build.0 = Release|Any CPU
		{F316EEF5-71B1-4E01-A5CC-0F7BC11DB005}.Debug|Any CPU.ActiveCfg = Debug|Any CPU
		{F316EEF5-71B1-4E01-A5CC-0F7BC11DB005}.Debug|Any CPU.Build.0 = Debug|Any CPU
		{F316EEF5-71B1-4E01-A5CC-0F7BC11DB005}.Release|Any CPU.ActiveCfg = Release|Any CPU
		{F316EEF5-71B1-4E01-A5CC-0F7BC11DB005}.Release|Any CPU.Build.0 = Release|Any CPU
		{4AB70B7D-6740-4D55-A968-67EFD854DF12}.Debug|Any CPU.ActiveCfg = Debug|Any CPU
		{4AB70B7D-6740-4D55-A968-67EFD854DF12}.Debug|Any CPU.Build.0 = Debug|Any CPU
		{4AB70B7D-6740-4D55-A968-67EFD854DF12}.Release|Any CPU.ActiveCfg = Release|Any CPU
		{4AB70B7D-6740-4D55-A968-67EFD854DF12}.Release|Any CPU.Build.0 = Release|Any CPU
		{9FA94F8D-8149-4D2E-A22B-B0C98AD88237}.Debug|Any CPU.ActiveCfg = Debug|Any CPU
		{9FA94F8D-8149-4D2E-A22B-B0C98AD88237}.Debug|Any CPU.Build.0 = Debug|Any CPU
		{9FA94F8D-8149-4D2E-A22B-B0C98AD88237}.Release|Any CPU.ActiveCfg = Release|Any CPU
		{9FA94F8D-8149-4D2E-A22B-B0C98AD88237}.Release|Any CPU.Build.0 = Release|Any CPU
		{8541A120-B035-4555-9C84-613432A2688D}.Debug|Any CPU.ActiveCfg = Debug|Any CPU
		{8541A120-B035-4555-9C84-613432A2688D}.Debug|Any CPU.Build.0 = Debug|Any CPU
		{8541A120-B035-4555-9C84-613432A2688D}.Release|Any CPU.ActiveCfg = Release|Any CPU
		{8541A120-B035-4555-9C84-613432A2688D}.Release|Any CPU.Build.0 = Release|Any CPU
		{82ACFA92-B5F3-415A-A949-DEDAB848FF6D}.Debug|Any CPU.ActiveCfg = Debug|Any CPU
		{82ACFA92-B5F3-415A-A949-DEDAB848FF6D}.Debug|Any CPU.Build.0 = Debug|Any CPU
		{82ACFA92-B5F3-415A-A949-DEDAB848FF6D}.Release|Any CPU.ActiveCfg = Release|Any CPU
		{82ACFA92-B5F3-415A-A949-DEDAB848FF6D}.Release|Any CPU.Build.0 = Release|Any CPU
		{06958B15-4905-4246-AD93-46482E9CEBB0}.Debug|Any CPU.ActiveCfg = Debug|Any CPU
		{06958B15-4905-4246-AD93-46482E9CEBB0}.Debug|Any CPU.Build.0 = Debug|Any CPU
		{06958B15-4905-4246-AD93-46482E9CEBB0}.Release|Any CPU.ActiveCfg = Release|Any CPU
		{06958B15-4905-4246-AD93-46482E9CEBB0}.Release|Any CPU.Build.0 = Release|Any CPU
		{A9A0BE3B-67B7-47FF-9050-2FEFC9C18EEC}.Debug|Any CPU.ActiveCfg = Debug|Any CPU
		{A9A0BE3B-67B7-47FF-9050-2FEFC9C18EEC}.Debug|Any CPU.Build.0 = Debug|Any CPU
		{A9A0BE3B-67B7-47FF-9050-2FEFC9C18EEC}.Release|Any CPU.ActiveCfg = Release|Any CPU
		{A9A0BE3B-67B7-47FF-9050-2FEFC9C18EEC}.Release|Any CPU.Build.0 = Release|Any CPU
		{7664D514-2F25-446D-882F-2D95373BBEC1}.Debug|Any CPU.ActiveCfg = Debug|Any CPU
		{7664D514-2F25-446D-882F-2D95373BBEC1}.Debug|Any CPU.Build.0 = Debug|Any CPU
		{7664D514-2F25-446D-882F-2D95373BBEC1}.Release|Any CPU.ActiveCfg = Release|Any CPU
		{7664D514-2F25-446D-882F-2D95373BBEC1}.Release|Any CPU.Build.0 = Release|Any CPU
		{EB5A497E-1DFE-4783-B9AE-2CE78D041818}.Debug|Any CPU.ActiveCfg = Debug|Any CPU
		{EB5A497E-1DFE-4783-B9AE-2CE78D041818}.Debug|Any CPU.Build.0 = Debug|Any CPU
		{EB5A497E-1DFE-4783-B9AE-2CE78D041818}.Release|Any CPU.ActiveCfg = Release|Any CPU
		{EB5A497E-1DFE-4783-B9AE-2CE78D041818}.Release|Any CPU.Build.0 = Release|Any CPU
		{B524C946-3A73-41A4-A8C6-BD25A5DFD033}.Debug|Any CPU.ActiveCfg = Debug|Any CPU
		{B524C946-3A73-41A4-A8C6-BD25A5DFD033}.Debug|Any CPU.Build.0 = Debug|Any CPU
		{B524C946-3A73-41A4-A8C6-BD25A5DFD033}.Release|Any CPU.ActiveCfg = Release|Any CPU
		{B524C946-3A73-41A4-A8C6-BD25A5DFD033}.Release|Any CPU.Build.0 = Release|Any CPU
		{E701B8F0-AFE6-40AD-AAB3-330E6A262487}.Debug|Any CPU.ActiveCfg = Debug|Any CPU
		{E701B8F0-AFE6-40AD-AAB3-330E6A262487}.Debug|Any CPU.Build.0 = Debug|Any CPU
		{E701B8F0-AFE6-40AD-AAB3-330E6A262487}.Release|Any CPU.ActiveCfg = Release|Any CPU
		{E701B8F0-AFE6-40AD-AAB3-330E6A262487}.Release|Any CPU.Build.0 = Release|Any CPU
		{82777E67-3247-4FB7-AB07-2E5C2A1CCA64}.Debug|Any CPU.ActiveCfg = Debug|Any CPU
		{82777E67-3247-4FB7-AB07-2E5C2A1CCA64}.Debug|Any CPU.Build.0 = Debug|Any CPU
		{82777E67-3247-4FB7-AB07-2E5C2A1CCA64}.Release|Any CPU.ActiveCfg = Release|Any CPU
		{82777E67-3247-4FB7-AB07-2E5C2A1CCA64}.Release|Any CPU.Build.0 = Release|Any CPU
		{0C5564A8-2B73-4323-9E3D-A7C69839A075}.Debug|Any CPU.ActiveCfg = Debug|Any CPU
		{0C5564A8-2B73-4323-9E3D-A7C69839A075}.Debug|Any CPU.Build.0 = Debug|Any CPU
		{0C5564A8-2B73-4323-9E3D-A7C69839A075}.Release|Any CPU.ActiveCfg = Release|Any CPU
		{0C5564A8-2B73-4323-9E3D-A7C69839A075}.Release|Any CPU.Build.0 = Release|Any CPU
		{202D81BC-C895-4D0B-A726-4209AC037B2D}.Debug|Any CPU.ActiveCfg = Debug|Any CPU
		{202D81BC-C895-4D0B-A726-4209AC037B2D}.Debug|Any CPU.Build.0 = Debug|Any CPU
		{202D81BC-C895-4D0B-A726-4209AC037B2D}.Release|Any CPU.ActiveCfg = Release|Any CPU
		{202D81BC-C895-4D0B-A726-4209AC037B2D}.Release|Any CPU.Build.0 = Release|Any CPU
		{7C169ED9-7EEE-4555-A44D-1AD2F47D53B6}.Debug|Any CPU.ActiveCfg = Debug|Any CPU
		{7C169ED9-7EEE-4555-A44D-1AD2F47D53B6}.Debug|Any CPU.Build.0 = Debug|Any CPU
		{7C169ED9-7EEE-4555-A44D-1AD2F47D53B6}.Release|Any CPU.ActiveCfg = Release|Any CPU
		{7C169ED9-7EEE-4555-A44D-1AD2F47D53B6}.Release|Any CPU.Build.0 = Release|Any CPU
		{4E36B0DB-A9D9-4630-BA04-D02F283B2C1B}.Debug|Any CPU.ActiveCfg = Debug|Any CPU
		{4E36B0DB-A9D9-4630-BA04-D02F283B2C1B}.Debug|Any CPU.Build.0 = Debug|Any CPU
		{4E36B0DB-A9D9-4630-BA04-D02F283B2C1B}.Release|Any CPU.ActiveCfg = Release|Any CPU
		{4E36B0DB-A9D9-4630-BA04-D02F283B2C1B}.Release|Any CPU.Build.0 = Release|Any CPU
		{3A1B0F6C-B21E-468D-AAB2-563905BEB72E}.Debug|Any CPU.ActiveCfg = Debug|Any CPU
		{3A1B0F6C-B21E-468D-AAB2-563905BEB72E}.Debug|Any CPU.Build.0 = Debug|Any CPU
		{3A1B0F6C-B21E-468D-AAB2-563905BEB72E}.Release|Any CPU.ActiveCfg = Release|Any CPU
		{3A1B0F6C-B21E-468D-AAB2-563905BEB72E}.Release|Any CPU.Build.0 = Release|Any CPU
		{B2C2EC4B-7B36-4E18-9EEA-FDE03C74555D}.Debug|Any CPU.ActiveCfg = Debug|Any CPU
		{B2C2EC4B-7B36-4E18-9EEA-FDE03C74555D}.Debug|Any CPU.Build.0 = Debug|Any CPU
		{B2C2EC4B-7B36-4E18-9EEA-FDE03C74555D}.Release|Any CPU.ActiveCfg = Release|Any CPU
		{B2C2EC4B-7B36-4E18-9EEA-FDE03C74555D}.Release|Any CPU.Build.0 = Release|Any CPU
		{5D53B306-F902-444A-A827-350408B3F9AB}.Debug|Any CPU.ActiveCfg = Debug|Any CPU
		{5D53B306-F902-444A-A827-350408B3F9AB}.Debug|Any CPU.Build.0 = Debug|Any CPU
		{5D53B306-F902-444A-A827-350408B3F9AB}.Release|Any CPU.ActiveCfg = Release|Any CPU
		{5D53B306-F902-444A-A827-350408B3F9AB}.Release|Any CPU.Build.0 = Release|Any CPU
		{57F626B2-28AD-4E7B-BD05-D3F6138586DF}.Debug|Any CPU.ActiveCfg = Debug|Any CPU
		{57F626B2-28AD-4E7B-BD05-D3F6138586DF}.Debug|Any CPU.Build.0 = Debug|Any CPU
		{57F626B2-28AD-4E7B-BD05-D3F6138586DF}.Release|Any CPU.ActiveCfg = Release|Any CPU
		{57F626B2-28AD-4E7B-BD05-D3F6138586DF}.Release|Any CPU.Build.0 = Release|Any CPU
		{215E91DE-1A9C-4A77-8FB8-B75D042CB0B7}.Debug|Any CPU.ActiveCfg = Debug|Any CPU
		{215E91DE-1A9C-4A77-8FB8-B75D042CB0B7}.Debug|Any CPU.Build.0 = Debug|Any CPU
		{215E91DE-1A9C-4A77-8FB8-B75D042CB0B7}.Release|Any CPU.ActiveCfg = Release|Any CPU
		{215E91DE-1A9C-4A77-8FB8-B75D042CB0B7}.Release|Any CPU.Build.0 = Release|Any CPU
		{2EC0676D-979F-41D7-952F-3ED875F39B34}.Debug|Any CPU.ActiveCfg = Debug|Any CPU
		{2EC0676D-979F-41D7-952F-3ED875F39B34}.Debug|Any CPU.Build.0 = Debug|Any CPU
		{2EC0676D-979F-41D7-952F-3ED875F39B34}.Release|Any CPU.ActiveCfg = Release|Any CPU
		{2EC0676D-979F-41D7-952F-3ED875F39B34}.Release|Any CPU.Build.0 = Release|Any CPU
		{5950F1E5-AB92-496E-8F78-482CBFE6AFAE}.Debug|Any CPU.ActiveCfg = Debug|Any CPU
		{5950F1E5-AB92-496E-8F78-482CBFE6AFAE}.Debug|Any CPU.Build.0 = Debug|Any CPU
		{5950F1E5-AB92-496E-8F78-482CBFE6AFAE}.Release|Any CPU.ActiveCfg = Release|Any CPU
		{5950F1E5-AB92-496E-8F78-482CBFE6AFAE}.Release|Any CPU.Build.0 = Release|Any CPU
		{B74FD9E3-B460-42FC-97B0-F14F557EE650}.Debug|Any CPU.ActiveCfg = Debug|Any CPU
		{B74FD9E3-B460-42FC-97B0-F14F557EE650}.Debug|Any CPU.Build.0 = Debug|Any CPU
		{B74FD9E3-B460-42FC-97B0-F14F557EE650}.Release|Any CPU.ActiveCfg = Release|Any CPU
		{B74FD9E3-B460-42FC-97B0-F14F557EE650}.Release|Any CPU.Build.0 = Release|Any CPU
		{CF18E3BC-CCE3-4572-8F6D-F59A88055D0C}.Debug|Any CPU.ActiveCfg = Debug|Any CPU
		{CF18E3BC-CCE3-4572-8F6D-F59A88055D0C}.Debug|Any CPU.Build.0 = Debug|Any CPU
		{CF18E3BC-CCE3-4572-8F6D-F59A88055D0C}.Release|Any CPU.ActiveCfg = Release|Any CPU
		{CF18E3BC-CCE3-4572-8F6D-F59A88055D0C}.Release|Any CPU.Build.0 = Release|Any CPU
	EndGlobalSection
	GlobalSection(SolutionProperties) = preSolution
		HideSolutionNode = FALSE
	EndGlobalSection
	GlobalSection(ExtensibilityGlobals) = postSolution
		SolutionGuid = {E116496C-73F9-4A25-93D4-C1F893CA99DA}
	EndGlobalSection
EndGlobal
